
Microsoft Visual Studio Solution File, Format Version 12.00
# Visual Studio 14
VisualStudioVersion = 14.0.25123.0
MinimumVisualStudioVersion = 10.0.40219.1
Project("{FAE04EC0-301F-11D3-BF4B-00C04F79EFBC}") = "dz_3_Lesson_5-6", "dz_3_Lesson_5-6\dz_3_Lesson_5-6.csproj", "{862FA4BF-E7E1-4561-96ED-22EBEE5D7455}"
EndProject
Global
	GlobalSection(SolutionConfigurationPlatforms) = preSolution
		Debug|Any CPU = Debug|Any CPU
		Release|Any CPU = Release|Any CPU
	EndGlobalSection
	GlobalSection(ProjectConfigurationPlatforms) = postSolution
		{862FA4BF-E7E1-4561-96ED-22EBEE5D7455}.Debug|Any CPU.ActiveCfg = Debug|Any CPU
		{862FA4BF-E7E1-4561-96ED-22EBEE5D7455}.Debug|Any CPU.Build.0 = Debug|Any CPU
		{862FA4BF-E7E1-4561-96ED-22EBEE5D7455}.Release|Any CPU.ActiveCfg = Release|Any CPU
		{862FA4BF-E7E1-4561-96ED-22EBEE5D7455}.Release|Any CPU.Build.0 = Release|Any CPU
	EndGlobalSection
	GlobalSection(SolutionProperties) = preSolution
		HideSolutionNode = FALSE
	EndGlobalSection
EndGlobal
