
Microsoft Visual Studio Solution File, Format Version 12.00
# Visual Studio 14
VisualStudioVersion = 14.0.25123.0
MinimumVisualStudioVersion = 10.0.40219.1
Project("{FAE04EC0-301F-11D3-BF4B-00C04F79EFBC}") = "dz_2_Lesson_3-4", "dz_2_Lesson_3-4\dz_2_Lesson_3-4.csproj", "{EE8B8832-F6F6-4279-8D4F-3B519A1F6377}"
EndProject
Global
	GlobalSection(SolutionConfigurationPlatforms) = preSolution
		Debug|Any CPU = Debug|Any CPU
		Release|Any CPU = Release|Any CPU
	EndGlobalSection
	GlobalSection(ProjectConfigurationPlatforms) = postSolution
		{EE8B8832-F6F6-4279-8D4F-3B519A1F6377}.Debug|Any CPU.ActiveCfg = Debug|Any CPU
		{EE8B8832-F6F6-4279-8D4F-3B519A1F6377}.Debug|Any CPU.Build.0 = Debug|Any CPU
		{EE8B8832-F6F6-4279-8D4F-3B519A1F6377}.Release|Any CPU.ActiveCfg = Release|Any CPU
		{EE8B8832-F6F6-4279-8D4F-3B519A1F6377}.Release|Any CPU.Build.0 = Release|Any CPU
	EndGlobalSection
	GlobalSection(SolutionProperties) = preSolution
		HideSolutionNode = FALSE
	EndGlobalSection
EndGlobal
