
Microsoft Visual Studio Solution File, Format Version 12.00
# Visual Studio 14
VisualStudioVersion = 14.0.25123.0
MinimumVisualStudioVersion = 10.0.40219.1
Project("{FAE04EC0-301F-11D3-BF4B-00C04F79EFBC}") = "dz1_Lesson_13-14", "dz1_Lesson_13-14\dz1_Lesson_13-14.csproj", "{09EEB4C0-0604-4A20-BE8B-C3680490503B}"
EndProject
Global
	GlobalSection(SolutionConfigurationPlatforms) = preSolution
		Debug|Any CPU = Debug|Any CPU
		Release|Any CPU = Release|Any CPU
	EndGlobalSection
	GlobalSection(ProjectConfigurationPlatforms) = postSolution
		{09EEB4C0-0604-4A20-BE8B-C3680490503B}.Debug|Any CPU.ActiveCfg = Debug|Any CPU
		{09EEB4C0-0604-4A20-BE8B-C3680490503B}.Debug|Any CPU.Build.0 = Debug|Any CPU
		{09EEB4C0-0604-4A20-BE8B-C3680490503B}.Release|Any CPU.ActiveCfg = Release|Any CPU
		{09EEB4C0-0604-4A20-BE8B-C3680490503B}.Release|Any CPU.Build.0 = Release|Any CPU
	EndGlobalSection
	GlobalSection(SolutionProperties) = preSolution
		HideSolutionNode = FALSE
	EndGlobalSection
EndGlobal
